
Microsoft Visual Studio Solution File, Format Version 12.00
# Visual Studio Version 17
VisualStudioVersion = 17.2.32516.85
MinimumVisualStudioVersion = 10.0.40219.1
Project("{9A19103F-16F7-4668-BE54-9A1E7A4F7556}") = "WinFormsApp1", "WinFormsApp1\WinFormsApp1.csproj", "{2A084F04-9B87-4FE1-BD4E-09B5A5250D5F}"
EndProject
Project("{FAE04EC0-301F-11D3-BF4B-00C04F79EFBC}") = "WinFormsApp2", "WinFormsApp2\WinFormsApp2.csproj", "{327E2126-F683-4987-9A91-B080BCF40BFB}"
EndProject
Global
	GlobalSection(SolutionConfigurationPlatforms) = preSolution
		Debug|Any CPU = Debug|Any CPU
		Release|Any CPU = Release|Any CPU
	EndGlobalSection
	GlobalSection(ProjectConfigurationPlatforms) = postSolution
		{2A084F04-9B87-4FE1-BD4E-09B5A5250D5F}.Debug|Any CPU.ActiveCfg = Debug|Any CPU
		{2A084F04-9B87-4FE1-BD4E-09B5A5250D5F}.Debug|Any CPU.Build.0 = Debug|Any CPU
		{2A084F04-9B87-4FE1-BD4E-09B5A5250D5F}.Release|Any CPU.ActiveCfg = Release|Any CPU
		{2A084F04-9B87-4FE1-BD4E-09B5A5250D5F}.Release|Any CPU.Build.0 = Release|Any CPU
		{327E2126-F683-4987-9A91-B080BCF40BFB}.Debug|Any CPU.ActiveCfg = Debug|Any CPU
		{327E2126-F683-4987-9A91-B080BCF40BFB}.Debug|Any CPU.Build.0 = Debug|Any CPU
		{327E2126-F683-4987-9A91-B080BCF40BFB}.Release|Any CPU.ActiveCfg = Release|Any CPU
		{327E2126-F683-4987-9A91-B080BCF40BFB}.Release|Any CPU.Build.0 = Release|Any CPU
	EndGlobalSection
	GlobalSection(SolutionProperties) = preSolution
		HideSolutionNode = FALSE
	EndGlobalSection
	GlobalSection(ExtensibilityGlobals) = postSolution
		SolutionGuid = {15ADB188-ACE2-4746-A907-DF5EB3A9772B}
	EndGlobalSection
EndGlobal
